
Microsoft Visual Studio Solution File, Format Version 12.00
# Visual Studio Version 16
VisualStudioVersion = 16.0.31729.503
MinimumVisualStudioVersion = 10.0.40219.1
Project("{FAE04EC0-301F-11D3-BF4B-00C04F79EFBC}") = "WebAPI", "WebAPI\WebAPI.csproj", "{B83B7E75-8310-4EB0-B847-3335C6AAB78C}"
EndProject
Global
	GlobalSection(SolutionConfigurationPlatforms) = preSolution
		Debug|Any CPU = Debug|Any CPU
		Release|Any CPU = Release|Any CPU
	EndGlobalSection
	GlobalSection(ProjectConfigurationPlatforms) = postSolution
		{B83B7E75-8310-4EB0-B847-3335C6AAB78C}.Debug|Any CPU.ActiveCfg = Debug|Any CPU
		{B83B7E75-8310-4EB0-B847-3335C6AAB78C}.Debug|Any CPU.Build.0 = Debug|Any CPU
		{B83B7E75-8310-4EB0-B847-3335C6AAB78C}.Release|Any CPU.ActiveCfg = Release|Any CPU
		{B83B7E75-8310-4EB0-B847-3335C6AAB78C}.Release|Any CPU.Build.0 = Release|Any CPU
	EndGlobalSection
	GlobalSection(SolutionProperties) = preSolution
		HideSolutionNode = FALSE
	EndGlobalSection
	GlobalSection(ExtensibilityGlobals) = postSolution
		SolutionGuid = {C30F4B0E-001F-4FC2-B21E-A3D9560E7BF3}
	EndGlobalSection
EndGlobal
