
Microsoft Visual Studio Solution File, Format Version 12.00
# Visual Studio Version 16
VisualStudioVersion = 16.0.31729.503
MinimumVisualStudioVersion = 10.0.40219.1
Project("{9A19103F-16F7-4668-BE54-9A1E7A4F7556}") = "WebAPI", "WebAPI\WebAPI.csproj", "{B83B7E75-8310-4EB0-B847-3335C6AAB78C}"
EndProject
Project("{FAE04EC0-301F-11D3-BF4B-00C04F79EFBC}") = "Simulei_Anca_Lab12_xamarin.Android", "Simulei_Anca_Lab12_xamarin\Simulei_Anca_Lab12_xamarin.Android\Simulei_Anca_Lab12_xamarin.Android.csproj", "{564E0091-6774-4074-9895-5D277B492CD8}"
EndProject
Project("{FAE04EC0-301F-11D3-BF4B-00C04F79EFBC}") = "Simulei_Anca_Lab12_xamarin.iOS", "Simulei_Anca_Lab12_xamarin\Simulei_Anca_Lab12_xamarin.iOS\Simulei_Anca_Lab12_xamarin.iOS.csproj", "{EF58D591-A63F-4591-A7BB-4814309E4E1A}"
EndProject
Project("{9A19103F-16F7-4668-BE54-9A1E7A4F7556}") = "Simulei_Anca_Lab12_xamarin", "Simulei_Anca_Lab12_xamarin\Simulei_Anca_Lab12_xamarin\Simulei_Anca_Lab12_xamarin.csproj", "{83F7D275-3DCE-4969-A0B7-47B26893C92F}"
EndProject
Global
	GlobalSection(SolutionConfigurationPlatforms) = preSolution
		Debug|Any CPU = Debug|Any CPU
		Debug|iPhone = Debug|iPhone
		Debug|iPhoneSimulator = Debug|iPhoneSimulator
		Release|Any CPU = Release|Any CPU
		Release|iPhone = Release|iPhone
		Release|iPhoneSimulator = Release|iPhoneSimulator
	EndGlobalSection
	GlobalSection(ProjectConfigurationPlatforms) = postSolution
		{B83B7E75-8310-4EB0-B847-3335C6AAB78C}.Debug|Any CPU.ActiveCfg = Debug|Any CPU
		{B83B7E75-8310-4EB0-B847-3335C6AAB78C}.Debug|Any CPU.Build.0 = Debug|Any CPU
		{B83B7E75-8310-4EB0-B847-3335C6AAB78C}.Debug|iPhone.ActiveCfg = Debug|Any CPU
		{B83B7E75-8310-4EB0-B847-3335C6AAB78C}.Debug|iPhone.Build.0 = Debug|Any CPU
		{B83B7E75-8310-4EB0-B847-3335C6AAB78C}.Debug|iPhoneSimulator.ActiveCfg = Debug|Any CPU
		{B83B7E75-8310-4EB0-B847-3335C6AAB78C}.Debug|iPhoneSimulator.Build.0 = Debug|Any CPU
		{B83B7E75-8310-4EB0-B847-3335C6AAB78C}.Release|Any CPU.ActiveCfg = Release|Any CPU
		{B83B7E75-8310-4EB0-B847-3335C6AAB78C}.Release|Any CPU.Build.0 = Release|Any CPU
		{B83B7E75-8310-4EB0-B847-3335C6AAB78C}.Release|iPhone.ActiveCfg = Release|Any CPU
		{B83B7E75-8310-4EB0-B847-3335C6AAB78C}.Release|iPhone.Build.0 = Release|Any CPU
		{B83B7E75-8310-4EB0-B847-3335C6AAB78C}.Release|iPhoneSimulator.ActiveCfg = Release|Any CPU
		{B83B7E75-8310-4EB0-B847-3335C6AAB78C}.Release|iPhoneSimulator.Build.0 = Release|Any CPU
		{564E0091-6774-4074-9895-5D277B492CD8}.Debug|Any CPU.ActiveCfg = Debug|Any CPU
		{564E0091-6774-4074-9895-5D277B492CD8}.Debug|Any CPU.Build.0 = Debug|Any CPU
		{564E0091-6774-4074-9895-5D277B492CD8}.Debug|Any CPU.Deploy.0 = Debug|Any CPU
		{564E0091-6774-4074-9895-5D277B492CD8}.Debug|iPhone.ActiveCfg = Debug|Any CPU
		{564E0091-6774-4074-9895-5D277B492CD8}.Debug|iPhone.Build.0 = Debug|Any CPU
		{564E0091-6774-4074-9895-5D277B492CD8}.Debug|iPhone.Deploy.0 = Debug|Any CPU
		{564E0091-6774-4074-9895-5D277B492CD8}.Debug|iPhoneSimulator.ActiveCfg = Debug|Any CPU
		{564E0091-6774-4074-9895-5D277B492CD8}.Debug|iPhoneSimulator.Build.0 = Debug|Any CPU
		{564E0091-6774-4074-9895-5D277B492CD8}.Debug|iPhoneSimulator.Deploy.0 = Debug|Any CPU
		{564E0091-6774-4074-9895-5D277B492CD8}.Release|Any CPU.ActiveCfg = Release|Any CPU
		{564E0091-6774-4074-9895-5D277B492CD8}.Release|Any CPU.Build.0 = Release|Any CPU
		{564E0091-6774-4074-9895-5D277B492CD8}.Release|Any CPU.Deploy.0 = Release|Any CPU
		{564E0091-6774-4074-9895-5D277B492CD8}.Release|iPhone.ActiveCfg = Release|Any CPU
		{564E0091-6774-4074-9895-5D277B492CD8}.Release|iPhone.Build.0 = Release|Any CPU
		{564E0091-6774-4074-9895-5D277B492CD8}.Release|iPhone.Deploy.0 = Release|Any CPU
		{564E0091-6774-4074-9895-5D277B492CD8}.Release|iPhoneSimulator.ActiveCfg = Release|Any CPU
		{564E0091-6774-4074-9895-5D277B492CD8}.Release|iPhoneSimulator.Build.0 = Release|Any CPU
		{564E0091-6774-4074-9895-5D277B492CD8}.Release|iPhoneSimulator.Deploy.0 = Release|Any CPU
		{EF58D591-A63F-4591-A7BB-4814309E4E1A}.Debug|Any CPU.ActiveCfg = Debug|iPhoneSimulator
		{EF58D591-A63F-4591-A7BB-4814309E4E1A}.Debug|iPhone.ActiveCfg = Debug|iPhone
		{EF58D591-A63F-4591-A7BB-4814309E4E1A}.Debug|iPhone.Build.0 = Debug|iPhone
		{EF58D591-A63F-4591-A7BB-4814309E4E1A}.Debug|iPhoneSimulator.ActiveCfg = Debug|iPhoneSimulator
		{EF58D591-A63F-4591-A7BB-4814309E4E1A}.Debug|iPhoneSimulator.Build.0 = Debug|iPhoneSimulator
		{EF58D591-A63F-4591-A7BB-4814309E4E1A}.Release|Any CPU.ActiveCfg = Release|iPhoneSimulator
		{EF58D591-A63F-4591-A7BB-4814309E4E1A}.Release|iPhone.ActiveCfg = Release|iPhone
		{EF58D591-A63F-4591-A7BB-4814309E4E1A}.Release|iPhone.Build.0 = Release|iPhone
		{EF58D591-A63F-4591-A7BB-4814309E4E1A}.Release|iPhoneSimulator.ActiveCfg = Release|iPhoneSimulator
		{EF58D591-A63F-4591-A7BB-4814309E4E1A}.Release|iPhoneSimulator.Build.0 = Release|iPhoneSimulator
		{83F7D275-3DCE-4969-A0B7-47B26893C92F}.Debug|Any CPU.ActiveCfg = Debug|Any CPU
		{83F7D275-3DCE-4969-A0B7-47B26893C92F}.Debug|Any CPU.Build.0 = Debug|Any CPU
		{83F7D275-3DCE-4969-A0B7-47B26893C92F}.Debug|iPhone.ActiveCfg = Debug|Any CPU
		{83F7D275-3DCE-4969-A0B7-47B26893C92F}.Debug|iPhone.Build.0 = Debug|Any CPU
		{83F7D275-3DCE-4969-A0B7-47B26893C92F}.Debug|iPhoneSimulator.ActiveCfg = Debug|Any CPU
		{83F7D275-3DCE-4969-A0B7-47B26893C92F}.Debug|iPhoneSimulator.Build.0 = Debug|Any CPU
		{83F7D275-3DCE-4969-A0B7-47B26893C92F}.Release|Any CPU.ActiveCfg = Release|Any CPU
		{83F7D275-3DCE-4969-A0B7-47B26893C92F}.Release|Any CPU.Build.0 = Release|Any CPU
		{83F7D275-3DCE-4969-A0B7-47B26893C92F}.Release|iPhone.ActiveCfg = Release|Any CPU
		{83F7D275-3DCE-4969-A0B7-47B26893C92F}.Release|iPhone.Build.0 = Release|Any CPU
		{83F7D275-3DCE-4969-A0B7-47B26893C92F}.Release|iPhoneSimulator.ActiveCfg = Release|Any CPU
		{83F7D275-3DCE-4969-A0B7-47B26893C92F}.Release|iPhoneSimulator.Build.0 = Release|Any CPU
	EndGlobalSection
	GlobalSection(SolutionProperties) = preSolution
		HideSolutionNode = FALSE
	EndGlobalSection
	GlobalSection(ExtensibilityGlobals) = postSolution
		SolutionGuid = {C30F4B0E-001F-4FC2-B21E-A3D9560E7BF3}
	EndGlobalSection
EndGlobal
